// !$*UTF8*$!
{
	archiveVersion = 1;
	classes = {
	};
	objectVersion = 46;
	objects = {

/* Begin PBXBuildFile section */
		C51EFD8D1AD014D70056BE9C /* AppDelegate.swift in Sources */ = {isa = PBXBuildFile; fileRef = C51EFD8C1AD014D70056BE9C /* AppDelegate.swift */; };
		C51EFD8F1AD014D70056BE9C /* ViewController.swift in Sources */ = {isa = PBXBuildFile; fileRef = C51EFD8E1AD014D70056BE9C /* ViewController.swift */; };
		C51EFD921AD014D70056BE9C /* Main.storyboard in Resources */ = {isa = PBXBuildFile; fileRef = C51EFD901AD014D70056BE9C /* Main.storyboard */; };
		C51EFD941AD014D70056BE9C /* Images.xcassets in Resources */ = {isa = PBXBuildFile; fileRef = C51EFD931AD014D70056BE9C /* Images.xcassets */; };
		C51EFD971AD014D70056BE9C /* LaunchScreen.xib in Resources */ = {isa = PBXBuildFile; fileRef = C51EFD951AD014D70056BE9C /* LaunchScreen.xib */; };
		C51EFDA31AD014D70056BE9C /* testelegalTests.swift in Sources */ = {isa = PBXBuildFile; fileRef = C51EFDA21AD014D70056BE9C /* testelegalTests.swift */; };
/* End PBXBuildFile section */

/* Begin PBXContainerItemProxy section */
		C51EFD9D1AD014D70056BE9C /* PBXContainerItemProxy */ = {
			isa = PBXContainerItemProxy;
			containerPortal = C51EFD7F1AD014D70056BE9C /* Project object */;
			proxyType = 1;
			remoteGlobalIDString = C51EFD861AD014D70056BE9C;
			remoteInfo = testelegal;
		};
/* End PBXContainerItemProxy section */

/* Begin PBXFileReference section */
		C51EFD871AD014D70056BE9C /* testelegal.app */ = {isa = PBXFileReference; explicitFileType = wrapper.application; includeInIndex = 0; path = testelegal.app; sourceTree = BUILT_PRODUCTS_DIR; };
		C51EFD8B1AD014D70056BE9C /* Info.plist */ = {isa = PBXFileReference; lastKnownFileType = text.plist.xml; path = Info.plist; sourceTree = "<group>"; };
		C51EFD8C1AD014D70056BE9C /* AppDelegate.swift */ = {isa = PBXFileReference; lastKnownFileType = sourcecode.swift; path = AppDelegate.swift; sourceTree = "<group>"; };
		C51EFD8E1AD014D70056BE9C /* ViewController.swift */ = {isa = PBXFileReference; lastKnownFileType = sourcecode.swift; path = ViewController.swift; sourceTree = "<group>"; };
		C51EFD911AD014D70056BE9C /* Base */ = {isa = PBXFileReference; lastKnownFileType = file.storyboard; name = Base; path = Base.lproj/Main.storyboard; sourceTree = "<group>"; };
		C51EFD931AD014D70056BE9C /* Images.xcassets */ = {isa = PBXFileReference; lastKnownFileType = folder.assetcatalog; path = Images.xcassets; sourceTree = "<group>"; };
		C51EFD961AD014D70056BE9C /* Base */ = {isa = PBXFileReference; lastKnownFileType = file.xib; name = Base; path = Base.lproj/LaunchScreen.xib; sourceTree = "<group>"; };
		C51EFD9C1AD014D70056BE9C /* testelegalTests.xctest */ = {isa = PBXFileReference; explicitFileType = wrapper.cfbundle; includeInIndex = 0; path = testelegalTests.xctest; sourceTree = BUILT_PRODUCTS_DIR; };
		C51EFDA11AD014D70056BE9C /* Info.plist */ = {isa = PBXFileReference; lastKnownFileType = text.plist.xml; path = Info.plist; sourceTree = "<group>"; };
		C51EFDA21AD014D70056BE9C /* testelegalTests.swift */ = {isa = PBXFileReference; lastKnownFileType = sourcecode.swift; path = testelegalTests.swift; sourceTree = "<group>"; };
/* End PBXFileReference section */

/* Begin PBXFrameworksBuildPhase section */
		C51EFD841AD014D70056BE9C /* Frameworks */ = {
			isa = PBXFrameworksBuildPhase;
			buildActionMask = 2147483647;
			files = (
			);
			runOnlyForDeploymentPostprocessing = 0;
		};
		C51EFD991AD014D70056BE9C /* Frameworks */ = {
			isa = PBXFrameworksBuildPhase;
			buildActionMask = 2147483647;
			files = (
			);
			runOnlyForDeploymentPostprocessing = 0;
		};
/* End PBXFrameworksBuildPhase section */

/* Begin PBXGroup section */
		C51EFD7E1AD014D70056BE9C = {
			isa = PBXGroup;
			children = (
				C51EFD891AD014D70056BE9C /* testelegal */,
				C51EFD9F1AD014D70056BE9C /* testelegalTests */,
				C51EFD881AD014D70056BE9C /* Products */,
			);
			sourceTree = "<group>";
		};
		C51EFD881AD014D70056BE9C /* Products */ = {
			isa = PBXGroup;
			children = (
				C51EFD871AD014D70056BE9C /* testelegal.app */,
				C51EFD9C1AD014D70056BE9C /* testelegalTests.xctest */,
			);
			name = Products;
			sourceTree = "<group>";
		};
		C51EFD891AD014D70056BE9C /* testelegal */ = {
			isa = PBXGroup;
			children = (
				C51EFD8C1AD014D70056BE9C /* AppDelegate.swift */,
				C51EFD8E1AD014D70056BE9C /* ViewController.swift */,
				C51EFD901AD014D70056BE9C /* Main.storyboard */,
				C51EFD931AD014D70056BE9C /* Images.xcassets */,
				C51EFD951AD014D70056BE9C /* LaunchScreen.xib */,
				C51EFD8A1AD014D70056BE9C /* Supporting Files */,
			);
			path = testelegal;
			sourceTree = "<group>";
		};
		C51EFD8A1AD014D70056BE9C /* Supporting Files */ = {
			isa = PBXGroup;
			children = (
				C51EFD8B1AD014D70056BE9C /* Info.plist */,
			);
			name = "Supporting Files";
			sourceTree = "<group>";
		};
		C51EFD9F1AD014D70056BE9C /* testelegalTests */ = {
			isa = PBXGroup;
			children = (
				C51EFDA21AD014D70056BE9C /* testelegalTests.swift */,
				C51EFDA01AD014D70056BE9C /* Supporting Files */,
			);
			path = testelegalTests;
			sourceTree = "<group>";
		};
		C51EFDA01AD014D70056BE9C /* Supporting Files */ = {
			isa = PBXGroup;
			children = (
				C51EFDA11AD014D70056BE9C /* Info.plist */,
			);
			name = "Supporting Files";
			sourceTree = "<group>";
		};
/* End PBXGroup section */

/* Begin PBXNativeTarget section */
		C51EFD861AD014D70056BE9C /* testelegal */ = {
			isa = PBXNativeTarget;
			buildConfigurationList = C51EFDA61AD014D70056BE9C /* Build configuration list for PBXNativeTarget "testelegal" */;
			buildPhases = (
				C51EFD831AD014D70056BE9C /* Sources */,
				C51EFD841AD014D70056BE9C /* Frameworks */,
				C51EFD851AD014D70056BE9C /* Resources */,
			);
			buildRules = (
			);
			dependencies = (
			);
			name = testelegal;
			productName = testelegal;
			productReference = C51EFD871AD014D70056BE9C /* testelegal.app */;
			productType = "com.apple.product-type.application";
		};
		C51EFD9B1AD014D70056BE9C /* testelegalTests */ = {
			isa = PBXNativeTarget;
			buildConfigurationList = C51EFDA91AD014D70056BE9C /* Build configuration list for PBXNativeTarget "testelegalTests" */;
			buildPhases = (
				C51EFD981AD014D70056BE9C /* Sources */,
				C51EFD991AD014D70056BE9C /* Frameworks */,
				C51EFD9A1AD014D70056BE9C /* Resources */,
			);
			buildRules = (
			);
			dependencies = (
				C51EFD9E1AD014D70056BE9C /* PBXTargetDependency */,
			);
			name = testelegalTests;
			productName = testelegalTests;
			productReference = C51EFD9C1AD014D70056BE9C /* testelegalTests.xctest */;
			productType = "com.apple.product-type.bundle.unit-test";
		};
/* End PBXNativeTarget section */

/* Begin PBXProject section */
		C51EFD7F1AD014D70056BE9C /* Project object */ = {
			isa = PBXProject;
			attributes = {
				LastUpgradeCheck = 0620;
				ORGANIZATIONNAME = "Felipe Ken Ikawa";
				TargetAttributes = {
					C51EFD861AD014D70056BE9C = {
						CreatedOnToolsVersion = 6.2;
					};
					C51EFD9B1AD014D70056BE9C = {
						CreatedOnToolsVersion = 6.2;
						TestTargetID = C51EFD861AD014D70056BE9C;
					};
				};
			};
			buildConfigurationList = C51EFD821AD014D70056BE9C /* Build configuration list for PBXProject "testelegal" */;
			compatibilityVersion = "Xcode 3.2";
			developmentRegion = English;
			hasScannedForEncodings = 0;
			knownRegions = (
				en,
				Base,
			);
			mainGroup = C51EFD7E1AD014D70056BE9C;
			productRefGroup = C51EFD881AD014D70056BE9C /* Products */;
			projectDirPath = "";
			projectRoot = "";
			targets = (
				C51EFD861AD014D70056BE9C /* testelegal */,
				C51EFD9B1AD014D70056BE9C /* testelegalTests */,
			);
		};
/* End PBXProject section */

/* Begin PBXResourcesBuildPhase section */
		C51EFD851AD014D70056BE9C /* Resources */ = {
			isa = PBXResourcesBuildPhase;
			buildActionMask = 2147483647;
			files = (
				C51EFD921AD014D70056BE9C /* Main.storyboard in Resources */,
				C51EFD971AD014D70056BE9C /* LaunchScreen.xib in Resources */,
				C51EFD941AD014D70056BE9C /* Images.xcassets in Resources */,
			);
			runOnlyForDeploymentPostprocessing = 0;
		};
		C51EFD9A1AD014D70056BE9C /* Resources */ = {
			isa = PBXResourcesBuildPhase;
			buildActionMask = 2147483647;
			files = (
			);
			runOnlyForDeploymentPostprocessing = 0;
		};
/* End PBXResourcesBuildPhase section */

/* Begin PBXSourcesBuildPhase section */
		C51EFD831AD014D70056BE9C /* Sources */ = {
			isa = PBXSourcesBuildPhase;
			buildActionMask = 2147483647;
			files = (
				C51EFD8F1AD014D70056BE9C /* ViewController.swift in Sources */,
				C51EFD8D1AD014D70056BE9C /* AppDelegate.swift in Sources */,
			);
			runOnlyForDeploymentPostprocessing = 0;
		};
		C51EFD981AD014D70056BE9C /* Sources */ = {
			isa = PBXSourcesBuildPhase;
			buildActionMask = 2147483647;
			files = (
				C51EFDA31AD014D70056BE9C /* testelegalTests.swift in Sources */,
			);
			runOnlyForDeploymentPostprocessing = 0;
		};
/* End PBXSourcesBuildPhase section */

/* Begin PBXTargetDependency section */
		C51EFD9E1AD014D70056BE9C /* PBXTargetDependency */ = {
			isa = PBXTargetDependency;
			target = C51EFD861AD014D70056BE9C /* testelegal */;
			targetProxy = C51EFD9D1AD014D70056BE9C /* PBXContainerItemProxy */;
		};
/* End PBXTargetDependency section */

/* Begin PBXVariantGroup section */
		C51EFD901AD014D70056BE9C /* Main.storyboard */ = {
			isa = PBXVariantGroup;
			children = (
				C51EFD911AD014D70056BE9C /* Base */,
			);
			name = Main.storyboard;
			sourceTree = "<group>";
		};
		C51EFD951AD014D70056BE9C /* LaunchScreen.xib */ = {
			isa = PBXVariantGroup;
			children = (
				C51EFD961AD014D70056BE9C /* Base */,
			);
			name = LaunchScreen.xib;
			sourceTree = "<group>";
		};
/* End PBXVariantGroup section */

/* Begin XCBuildConfiguration section */
		C51EFDA41AD014D70056BE9C /* Debug */ = {
			isa = XCBuildConfiguration;
			buildSettings = {
				ALWAYS_SEARCH_USER_PATHS = NO;
				CLANG_CXX_LANGUAGE_STANDARD = "gnu++0x";
				CLANG_CXX_LIBRARY = "libc++";
				CLANG_ENABLE_MODULES = YES;
				CLANG_ENABLE_OBJC_ARC = YES;
				CLANG_WARN_BOOL_CONVERSION = YES;
				CLANG_WARN_CONSTANT_CONVERSION = YES;
				CLANG_WARN_DIRECT_OBJC_ISA_USAGE = YES_ERROR;
				CLANG_WARN_EMPTY_BODY = YES;
				CLANG_WARN_ENUM_CONVERSION = YES;
				CLANG_WARN_INT_CONVERSION = YES;
				CLANG_WARN_OBJC_ROOT_CLASS = YES_ERROR;
				CLANG_WARN_UNREACHABLE_CODE = YES;
				CLANG_WARN__DUPLICATE_METHOD_MATCH = YES;
				"CODE_SIGN_IDENTITY[sdk=iphoneos*]" = "iPhone Developer";
				COPY_PHASE_STRIP = NO;
				ENABLE_STRICT_OBJC_MSGSEND = YES;
				GCC_C_LANGUAGE_STANDARD = gnu99;
				GCC_DYNAMIC_NO_PIC = NO;
				GCC_OPTIMIZATION_LEVEL = 0;
				GCC_PREPROCESSOR_DEFINITIONS = (
					"DEBUG=1",
					"$(inherited)",
				);
				GCC_SYMBOLS_PRIVATE_EXTERN = NO;
				GCC_WARN_64_TO_32_BIT_CONVERSION = YES;
				GCC_WARN_ABOUT_RETURN_TYPE = YES_ERROR;
				GCC_WARN_UNDECLARED_SELECTOR = YES;
				GCC_WARN_UNINITIALIZED_AUTOS = YES_AGGRESSIVE;
				GCC_WARN_UNUSED_FUNCTION = YES;
				GCC_WARN_UNUSED_VARIABLE = YES;
				IPHONEOS_DEPLOYMENT_TARGET = 8.2;
				MTL_ENABLE_DEBUG_INFO = YES;
				ONLY_ACTIVE_ARCH = YES;
				SDKROOT = iphoneos;
				SWIFT_OPTIMIZATION_LEVEL = "-Onone";
				TARGETED_DEVICE_FAMILY = "1,2";
			};
			name = Debug;
		};
		C51EFDA51AD014D70056BE9C /* Release */ = {
			isa = XCBuildConfiguration;
			buildSettings = {
				ALWAYS_SEARCH_USER_PATHS = NO;
				CLANG_CXX_LANGUAGE_STANDARD = "gnu++0x";
				CLANG_CXX_LIBRARY = "libc++";
				CLANG_ENABLE_MODULES = YES;
				CLANG_ENABLE_OBJC_ARC = YES;
				CLANG_WARN_BOOL_CONVERSION = YES;
				CLANG_WARN_CONSTANT_CONVERSION = YES;
				CLANG_WARN_DIRECT_OBJC_ISA_USAGE = YES_ERROR;
				CLANG_WARN_EMPTY_BODY = YES;
				CLANG_WARN_ENUM_CONVERSION = YES;
				CLANG_WARN_INT_CONVERSION = YES;
				CLANG_WARN_OBJC_ROOT_CLASS = YES_ERROR;
				CLANG_WARN_UNREACHABLE_CODE = YES;
				CLANG_WARN__DUPLICATE_METHOD_MATCH = YES;
				"CODE_SIGN_IDENTITY[sdk=iphoneos*]" = "iPhone Developer";
				COPY_PHASE_STRIP = NO;
				ENABLE_NS_ASSERTIONS = NO;
				ENABLE_STRICT_OBJC_MSGSEND = YES;
				GCC_C_LANGUAGE_STANDARD = gnu99;
				GCC_WARN_64_TO_32_BIT_CONVERSION = YES;
				GCC_WARN_ABOUT_RETURN_TYPE = YES_ERROR;
				GCC_WARN_UNDECLARED_SELECTOR = YES;
				GCC_WARN_UNINITIALIZED_AUTOS = YES_AGGRESSIVE;
				GCC_WARN_UNUSED_FUNCTION = YES;
				GCC_WARN_UNUSED_VARIABLE = YES;
				IPHONEOS_DEPLOYMENT_TARGET = 8.2;
				MTL_ENABLE_DEBUG_INFO = NO;
				SDKROOT = iphoneos;
				TARGETED_DEVICE_FAMILY = "1,2";
				VALIDATE_PRODUCT = YES;
			};
			name = Release;
		};
		C51EFDA71AD014D70056BE9C /* Debug */ = {
			isa = XCBuildConfiguration;
			buildSettings = {
				ASSETCATALOG_COMPILER_APPICON_NAME = AppIcon;
				INFOPLIST_FILE = testelegal/Info.plist;
				LD_RUNPATH_SEARCH_PATHS = "$(inherited) @executable_path/Frameworks";
				PRODUCT_NAME = "$(TARGET_NAME)";
			};
			name = Debug;
		};
		C51EFDA81AD014D70056BE9C /* Release */ = {
			isa = XCBuildConfiguration;
			buildSettings = {
				ASSETCATALOG_COMPILER_APPICON_NAME = AppIcon;
				INFOPLIST_FILE = testelegal/Info.plist;
				LD_RUNPATH_SEARCH_PATHS = "$(inherited) @executable_path/Frameworks";
				PRODUCT_NAME = "$(TARGET_NAME)";
			};
			name = Release;
		};
		C51EFDAA1AD014D70056BE9C /* Debug */ = {
			isa = XCBuildConfiguration;
			buildSettings = {
				BUNDLE_LOADER = "$(TEST_HOST)";
				FRAMEWORK_SEARCH_PATHS = (
					"$(SDKROOT)/Developer/Library/Frameworks",
					"$(inherited)",
				);
				GCC_PREPROCESSOR_DEFINITIONS = (
					"DEBUG=1",
					"$(inherited)",
				);
				INFOPLIST_FILE = testelegalTests/Info.plist;
				LD_RUNPATH_SEARCH_PATHS = "$(inherited) @executable_path/Frameworks @loader_path/Frameworks";
				PRODUCT_NAME = "$(TARGET_NAME)";
				TEST_HOST = "$(BUILT_PRODUCTS_DIR)/testelegal.app/testelegal";
			};
			name = Debug;
		};
		C51EFDAB1AD014D70056BE9C /* Release */ = {
			isa = XCBuildConfiguration;
			buildSettings = {
				BUNDLE_LOADER = "$(TEST_HOST)";
				FRAMEWORK_SEARCH_PATHS = (
					"$(SDKROOT)/Developer/Library/Frameworks",
					"$(inherited)",
				);
				INFOPLIST_FILE = testelegalTests/Info.plist;
				LD_RUNPATH_SEARCH_PATHS = "$(inherited) @executable_path/Frameworks @loader_path/Frameworks";
				PRODUCT_NAME = "$(TARGET_NAME)";
				TEST_HOST = "$(BUILT_PRODUCTS_DIR)/testelegal.app/testelegal";
			};
			name = Release;
		};
/* End XCBuildConfiguration section */

/* Begin XCConfigurationList section */
		C51EFD821AD014D70056BE9C /* Build configuration list for PBXProject "testelegal" */ = {
			isa = XCConfigurationList;
			buildConfigurations = (
				C51EFDA41AD014D70056BE9C /* Debug */,
				C51EFDA51AD014D70056BE9C /* Release */,
			);
			defaultConfigurationIsVisible = 0;
			defaultConfigurationName = Release;
		};
		C51EFDA61AD014D70056BE9C /* Build configuration list for PBXNativeTarget "testelegal" */ = {
			isa = XCConfigurationList;
			buildConfigurations = (
				C51EFDA71AD014D70056BE9C /* Debug */,
				C51EFDA81AD014D70056BE9C /* Release */,
			);
			defaultConfigurationIsVisible = 0;
		};
		C51EFDA91AD014D70056BE9C /* Build configuration list for PBXNativeTarget "testelegalTests" */ = {
			isa = XCConfigurationList;
			buildConfigurations = (
				C51EFDAA1AD014D70056BE9C /* Debug */,
				C51EFDAB1AD014D70056BE9C /* Release */,
			);
			defaultConfigurationIsVisible = 0;
		};
/* End XCConfigurationList section */
	};
	rootObject = C51EFD7F1AD014D70056BE9C /* Project object */;
}
