// !$*UTF8*$!
{
	archiveVersion = 1;
	classes = {
	};
	objectVersion = 46;
	objects = {

/* Begin PBXBuildFile section */
		C52AEBE01AE9D2DF00374FDC /* AppDelegate.swift in Sources */ = {isa = PBXBuildFile; fileRef = C52AEBDF1AE9D2DF00374FDC /* AppDelegate.swift */; };
		C52AEBE21AE9D2DF00374FDC /* ViewController.swift in Sources */ = {isa = PBXBuildFile; fileRef = C52AEBE11AE9D2DF00374FDC /* ViewController.swift */; };
		C52AEBE51AE9D2DF00374FDC /* Main.storyboard in Resources */ = {isa = PBXBuildFile; fileRef = C52AEBE31AE9D2DF00374FDC /* Main.storyboard */; };
		C52AEBE71AE9D2DF00374FDC /* Images.xcassets in Resources */ = {isa = PBXBuildFile; fileRef = C52AEBE61AE9D2DF00374FDC /* Images.xcassets */; };
		C52AEBEA1AE9D2DF00374FDC /* LaunchScreen.xib in Resources */ = {isa = PBXBuildFile; fileRef = C52AEBE81AE9D2DF00374FDC /* LaunchScreen.xib */; };
		C52AEBF61AE9D2DF00374FDC /* meal_tableTests.swift in Sources */ = {isa = PBXBuildFile; fileRef = C52AEBF51AE9D2DF00374FDC /* meal_tableTests.swift */; };
/* End PBXBuildFile section */

/* Begin PBXContainerItemProxy section */
		C52AEBF01AE9D2DF00374FDC /* PBXContainerItemProxy */ = {
			isa = PBXContainerItemProxy;
			containerPortal = C52AEBD21AE9D2DF00374FDC /* Project object */;
			proxyType = 1;
			remoteGlobalIDString = C52AEBD91AE9D2DF00374FDC;
			remoteInfo = "meal-table";
		};
/* End PBXContainerItemProxy section */

/* Begin PBXFileReference section */
		C52AEBDA1AE9D2DF00374FDC /* meal-table.app */ = {isa = PBXFileReference; explicitFileType = wrapper.application; includeInIndex = 0; path = "meal-table.app"; sourceTree = BUILT_PRODUCTS_DIR; };
		C52AEBDE1AE9D2DF00374FDC /* Info.plist */ = {isa = PBXFileReference; lastKnownFileType = text.plist.xml; path = Info.plist; sourceTree = "<group>"; };
		C52AEBDF1AE9D2DF00374FDC /* AppDelegate.swift */ = {isa = PBXFileReference; lastKnownFileType = sourcecode.swift; path = AppDelegate.swift; sourceTree = "<group>"; };
		C52AEBE11AE9D2DF00374FDC /* ViewController.swift */ = {isa = PBXFileReference; lastKnownFileType = sourcecode.swift; path = ViewController.swift; sourceTree = "<group>"; };
		C52AEBE41AE9D2DF00374FDC /* Base */ = {isa = PBXFileReference; lastKnownFileType = file.storyboard; name = Base; path = Base.lproj/Main.storyboard; sourceTree = "<group>"; };
		C52AEBE61AE9D2DF00374FDC /* Images.xcassets */ = {isa = PBXFileReference; lastKnownFileType = folder.assetcatalog; path = Images.xcassets; sourceTree = "<group>"; };
		C52AEBE91AE9D2DF00374FDC /* Base */ = {isa = PBXFileReference; lastKnownFileType = file.xib; name = Base; path = Base.lproj/LaunchScreen.xib; sourceTree = "<group>"; };
		C52AEBEF1AE9D2DF00374FDC /* meal-tableTests.xctest */ = {isa = PBXFileReference; explicitFileType = wrapper.cfbundle; includeInIndex = 0; path = "meal-tableTests.xctest"; sourceTree = BUILT_PRODUCTS_DIR; };
		C52AEBF41AE9D2DF00374FDC /* Info.plist */ = {isa = PBXFileReference; lastKnownFileType = text.plist.xml; path = Info.plist; sourceTree = "<group>"; };
		C52AEBF51AE9D2DF00374FDC /* meal_tableTests.swift */ = {isa = PBXFileReference; lastKnownFileType = sourcecode.swift; path = meal_tableTests.swift; sourceTree = "<group>"; };
/* End PBXFileReference section */

/* Begin PBXFrameworksBuildPhase section */
		C52AEBD71AE9D2DF00374FDC /* Frameworks */ = {
			isa = PBXFrameworksBuildPhase;
			buildActionMask = 2147483647;
			files = (
			);
			runOnlyForDeploymentPostprocessing = 0;
		};
		C52AEBEC1AE9D2DF00374FDC /* Frameworks */ = {
			isa = PBXFrameworksBuildPhase;
			buildActionMask = 2147483647;
			files = (
			);
			runOnlyForDeploymentPostprocessing = 0;
		};
/* End PBXFrameworksBuildPhase section */

/* Begin PBXGroup section */
		C52AEBD11AE9D2DF00374FDC = {
			isa = PBXGroup;
			children = (
				C52AEBDC1AE9D2DF00374FDC /* meal-table */,
				C52AEBF21AE9D2DF00374FDC /* meal-tableTests */,
				C52AEBDB1AE9D2DF00374FDC /* Products */,
			);
			sourceTree = "<group>";
		};
		C52AEBDB1AE9D2DF00374FDC /* Products */ = {
			isa = PBXGroup;
			children = (
				C52AEBDA1AE9D2DF00374FDC /* meal-table.app */,
				C52AEBEF1AE9D2DF00374FDC /* meal-tableTests.xctest */,
			);
			name = Products;
			sourceTree = "<group>";
		};
		C52AEBDC1AE9D2DF00374FDC /* meal-table */ = {
			isa = PBXGroup;
			children = (
				C52AEBDF1AE9D2DF00374FDC /* AppDelegate.swift */,
				C52AEBE11AE9D2DF00374FDC /* ViewController.swift */,
				C52AEBE31AE9D2DF00374FDC /* Main.storyboard */,
				C52AEBE61AE9D2DF00374FDC /* Images.xcassets */,
				C52AEBE81AE9D2DF00374FDC /* LaunchScreen.xib */,
				C52AEBDD1AE9D2DF00374FDC /* Supporting Files */,
			);
			path = "meal-table";
			sourceTree = "<group>";
		};
		C52AEBDD1AE9D2DF00374FDC /* Supporting Files */ = {
			isa = PBXGroup;
			children = (
				C52AEBDE1AE9D2DF00374FDC /* Info.plist */,
			);
			name = "Supporting Files";
			sourceTree = "<group>";
		};
		C52AEBF21AE9D2DF00374FDC /* meal-tableTests */ = {
			isa = PBXGroup;
			children = (
				C52AEBF51AE9D2DF00374FDC /* meal_tableTests.swift */,
				C52AEBF31AE9D2DF00374FDC /* Supporting Files */,
			);
			path = "meal-tableTests";
			sourceTree = "<group>";
		};
		C52AEBF31AE9D2DF00374FDC /* Supporting Files */ = {
			isa = PBXGroup;
			children = (
				C52AEBF41AE9D2DF00374FDC /* Info.plist */,
			);
			name = "Supporting Files";
			sourceTree = "<group>";
		};
/* End PBXGroup section */

/* Begin PBXNativeTarget section */
		C52AEBD91AE9D2DF00374FDC /* meal-table */ = {
			isa = PBXNativeTarget;
			buildConfigurationList = C52AEBF91AE9D2DF00374FDC /* Build configuration list for PBXNativeTarget "meal-table" */;
			buildPhases = (
				C52AEBD61AE9D2DF00374FDC /* Sources */,
				C52AEBD71AE9D2DF00374FDC /* Frameworks */,
				C52AEBD81AE9D2DF00374FDC /* Resources */,
			);
			buildRules = (
			);
			dependencies = (
			);
			name = "meal-table";
			productName = "meal-table";
			productReference = C52AEBDA1AE9D2DF00374FDC /* meal-table.app */;
			productType = "com.apple.product-type.application";
		};
		C52AEBEE1AE9D2DF00374FDC /* meal-tableTests */ = {
			isa = PBXNativeTarget;
			buildConfigurationList = C52AEBFC1AE9D2DF00374FDC /* Build configuration list for PBXNativeTarget "meal-tableTests" */;
			buildPhases = (
				C52AEBEB1AE9D2DF00374FDC /* Sources */,
				C52AEBEC1AE9D2DF00374FDC /* Frameworks */,
				C52AEBED1AE9D2DF00374FDC /* Resources */,
			);
			buildRules = (
			);
			dependencies = (
				C52AEBF11AE9D2DF00374FDC /* PBXTargetDependency */,
			);
			name = "meal-tableTests";
			productName = "meal-tableTests";
			productReference = C52AEBEF1AE9D2DF00374FDC /* meal-tableTests.xctest */;
			productType = "com.apple.product-type.bundle.unit-test";
		};
/* End PBXNativeTarget section */

/* Begin PBXProject section */
		C52AEBD21AE9D2DF00374FDC /* Project object */ = {
			isa = PBXProject;
			attributes = {
				LastUpgradeCheck = 0630;
				ORGANIZATIONNAME = loukawa;
				TargetAttributes = {
					C52AEBD91AE9D2DF00374FDC = {
						CreatedOnToolsVersion = 6.3;
					};
					C52AEBEE1AE9D2DF00374FDC = {
						CreatedOnToolsVersion = 6.3;
						TestTargetID = C52AEBD91AE9D2DF00374FDC;
					};
				};
			};
			buildConfigurationList = C52AEBD51AE9D2DF00374FDC /* Build configuration list for PBXProject "meal-table" */;
			compatibilityVersion = "Xcode 3.2";
			developmentRegion = English;
			hasScannedForEncodings = 0;
			knownRegions = (
				en,
				Base,
			);
			mainGroup = C52AEBD11AE9D2DF00374FDC;
			productRefGroup = C52AEBDB1AE9D2DF00374FDC /* Products */;
			projectDirPath = "";
			projectRoot = "";
			targets = (
				C52AEBD91AE9D2DF00374FDC /* meal-table */,
				C52AEBEE1AE9D2DF00374FDC /* meal-tableTests */,
			);
		};
/* End PBXProject section */

/* Begin PBXResourcesBuildPhase section */
		C52AEBD81AE9D2DF00374FDC /* Resources */ = {
			isa = PBXResourcesBuildPhase;
			buildActionMask = 2147483647;
			files = (
				C52AEBE51AE9D2DF00374FDC /* Main.storyboard in Resources */,
				C52AEBEA1AE9D2DF00374FDC /* LaunchScreen.xib in Resources */,
				C52AEBE71AE9D2DF00374FDC /* Images.xcassets in Resources */,
			);
			runOnlyForDeploymentPostprocessing = 0;
		};
		C52AEBED1AE9D2DF00374FDC /* Resources */ = {
			isa = PBXResourcesBuildPhase;
			buildActionMask = 2147483647;
			files = (
			);
			runOnlyForDeploymentPostprocessing = 0;
		};
/* End PBXResourcesBuildPhase section */

/* Begin PBXSourcesBuildPhase section */
		C52AEBD61AE9D2DF00374FDC /* Sources */ = {
			isa = PBXSourcesBuildPhase;
			buildActionMask = 2147483647;
			files = (
				C52AEBE21AE9D2DF00374FDC /* ViewController.swift in Sources */,
				C52AEBE01AE9D2DF00374FDC /* AppDelegate.swift in Sources */,
			);
			runOnlyForDeploymentPostprocessing = 0;
		};
		C52AEBEB1AE9D2DF00374FDC /* Sources */ = {
			isa = PBXSourcesBuildPhase;
			buildActionMask = 2147483647;
			files = (
				C52AEBF61AE9D2DF00374FDC /* meal_tableTests.swift in Sources */,
			);
			runOnlyForDeploymentPostprocessing = 0;
		};
/* End PBXSourcesBuildPhase section */

/* Begin PBXTargetDependency section */
		C52AEBF11AE9D2DF00374FDC /* PBXTargetDependency */ = {
			isa = PBXTargetDependency;
			target = C52AEBD91AE9D2DF00374FDC /* meal-table */;
			targetProxy = C52AEBF01AE9D2DF00374FDC /* PBXContainerItemProxy */;
		};
/* End PBXTargetDependency section */

/* Begin PBXVariantGroup section */
		C52AEBE31AE9D2DF00374FDC /* Main.storyboard */ = {
			isa = PBXVariantGroup;
			children = (
				C52AEBE41AE9D2DF00374FDC /* Base */,
			);
			name = Main.storyboard;
			sourceTree = "<group>";
		};
		C52AEBE81AE9D2DF00374FDC /* LaunchScreen.xib */ = {
			isa = PBXVariantGroup;
			children = (
				C52AEBE91AE9D2DF00374FDC /* Base */,
			);
			name = LaunchScreen.xib;
			sourceTree = "<group>";
		};
/* End PBXVariantGroup section */

/* Begin XCBuildConfiguration section */
		C52AEBF71AE9D2DF00374FDC /* Debug */ = {
			isa = XCBuildConfiguration;
			buildSettings = {
				ALWAYS_SEARCH_USER_PATHS = NO;
				CLANG_CXX_LANGUAGE_STANDARD = "gnu++0x";
				CLANG_CXX_LIBRARY = "libc++";
				CLANG_ENABLE_MODULES = YES;
				CLANG_ENABLE_OBJC_ARC = YES;
				CLANG_WARN_BOOL_CONVERSION = YES;
				CLANG_WARN_CONSTANT_CONVERSION = YES;
				CLANG_WARN_DIRECT_OBJC_ISA_USAGE = YES_ERROR;
				CLANG_WARN_EMPTY_BODY = YES;
				CLANG_WARN_ENUM_CONVERSION = YES;
				CLANG_WARN_INT_CONVERSION = YES;
				CLANG_WARN_OBJC_ROOT_CLASS = YES_ERROR;
				CLANG_WARN_UNREACHABLE_CODE = YES;
				CLANG_WARN__DUPLICATE_METHOD_MATCH = YES;
				"CODE_SIGN_IDENTITY[sdk=iphoneos*]" = "iPhone Developer";
				COPY_PHASE_STRIP = NO;
				DEBUG_INFORMATION_FORMAT = "dwarf-with-dsym";
				ENABLE_STRICT_OBJC_MSGSEND = YES;
				GCC_C_LANGUAGE_STANDARD = gnu99;
				GCC_DYNAMIC_NO_PIC = NO;
				GCC_NO_COMMON_BLOCKS = YES;
				GCC_OPTIMIZATION_LEVEL = 0;
				GCC_PREPROCESSOR_DEFINITIONS = (
					"DEBUG=1",
					"$(inherited)",
				);
				GCC_SYMBOLS_PRIVATE_EXTERN = NO;
				GCC_WARN_64_TO_32_BIT_CONVERSION = YES;
				GCC_WARN_ABOUT_RETURN_TYPE = YES_ERROR;
				GCC_WARN_UNDECLARED_SELECTOR = YES;
				GCC_WARN_UNINITIALIZED_AUTOS = YES_AGGRESSIVE;
				GCC_WARN_UNUSED_FUNCTION = YES;
				GCC_WARN_UNUSED_VARIABLE = YES;
				IPHONEOS_DEPLOYMENT_TARGET = 8.3;
				MTL_ENABLE_DEBUG_INFO = YES;
				ONLY_ACTIVE_ARCH = YES;
				SDKROOT = iphoneos;
				SWIFT_OPTIMIZATION_LEVEL = "-Onone";
				TARGETED_DEVICE_FAMILY = "1,2";
			};
			name = Debug;
		};
		C52AEBF81AE9D2DF00374FDC /* Release */ = {
			isa = XCBuildConfiguration;
			buildSettings = {
				ALWAYS_SEARCH_USER_PATHS = NO;
				CLANG_CXX_LANGUAGE_STANDARD = "gnu++0x";
				CLANG_CXX_LIBRARY = "libc++";
				CLANG_ENABLE_MODULES = YES;
				CLANG_ENABLE_OBJC_ARC = YES;
				CLANG_WARN_BOOL_CONVERSION = YES;
				CLANG_WARN_CONSTANT_CONVERSION = YES;
				CLANG_WARN_DIRECT_OBJC_ISA_USAGE = YES_ERROR;
				CLANG_WARN_EMPTY_BODY = YES;
				CLANG_WARN_ENUM_CONVERSION = YES;
				CLANG_WARN_INT_CONVERSION = YES;
				CLANG_WARN_OBJC_ROOT_CLASS = YES_ERROR;
				CLANG_WARN_UNREACHABLE_CODE = YES;
				CLANG_WARN__DUPLICATE_METHOD_MATCH = YES;
				"CODE_SIGN_IDENTITY[sdk=iphoneos*]" = "iPhone Developer";
				COPY_PHASE_STRIP = NO;
				DEBUG_INFORMATION_FORMAT = "dwarf-with-dsym";
				ENABLE_NS_ASSERTIONS = NO;
				ENABLE_STRICT_OBJC_MSGSEND = YES;
				GCC_C_LANGUAGE_STANDARD = gnu99;
				GCC_NO_COMMON_BLOCKS = YES;
				GCC_WARN_64_TO_32_BIT_CONVERSION = YES;
				GCC_WARN_ABOUT_RETURN_TYPE = YES_ERROR;
				GCC_WARN_UNDECLARED_SELECTOR = YES;
				GCC_WARN_UNINITIALIZED_AUTOS = YES_AGGRESSIVE;
				GCC_WARN_UNUSED_FUNCTION = YES;
				GCC_WARN_UNUSED_VARIABLE = YES;
				IPHONEOS_DEPLOYMENT_TARGET = 8.3;
				MTL_ENABLE_DEBUG_INFO = NO;
				SDKROOT = iphoneos;
				TARGETED_DEVICE_FAMILY = "1,2";
				VALIDATE_PRODUCT = YES;
			};
			name = Release;
		};
		C52AEBFA1AE9D2DF00374FDC /* Debug */ = {
			isa = XCBuildConfiguration;
			buildSettings = {
				ASSETCATALOG_COMPILER_APPICON_NAME = AppIcon;
				INFOPLIST_FILE = "meal-table/Info.plist";
				LD_RUNPATH_SEARCH_PATHS = "$(inherited) @executable_path/Frameworks";
				PRODUCT_NAME = "$(TARGET_NAME)";
			};
			name = Debug;
		};
		C52AEBFB1AE9D2DF00374FDC /* Release */ = {
			isa = XCBuildConfiguration;
			buildSettings = {
				ASSETCATALOG_COMPILER_APPICON_NAME = AppIcon;
				INFOPLIST_FILE = "meal-table/Info.plist";
				LD_RUNPATH_SEARCH_PATHS = "$(inherited) @executable_path/Frameworks";
				PRODUCT_NAME = "$(TARGET_NAME)";
			};
			name = Release;
		};
		C52AEBFD1AE9D2DF00374FDC /* Debug */ = {
			isa = XCBuildConfiguration;
			buildSettings = {
				BUNDLE_LOADER = "$(TEST_HOST)";
				FRAMEWORK_SEARCH_PATHS = (
					"$(SDKROOT)/Developer/Library/Frameworks",
					"$(inherited)",
				);
				GCC_PREPROCESSOR_DEFINITIONS = (
					"DEBUG=1",
					"$(inherited)",
				);
				INFOPLIST_FILE = "meal-tableTests/Info.plist";
				LD_RUNPATH_SEARCH_PATHS = "$(inherited) @executable_path/Frameworks @loader_path/Frameworks";
				PRODUCT_NAME = "$(TARGET_NAME)";
				TEST_HOST = "$(BUILT_PRODUCTS_DIR)/meal-table.app/meal-table";
			};
			name = Debug;
		};
		C52AEBFE1AE9D2DF00374FDC /* Release */ = {
			isa = XCBuildConfiguration;
			buildSettings = {
				BUNDLE_LOADER = "$(TEST_HOST)";
				FRAMEWORK_SEARCH_PATHS = (
					"$(SDKROOT)/Developer/Library/Frameworks",
					"$(inherited)",
				);
				INFOPLIST_FILE = "meal-tableTests/Info.plist";
				LD_RUNPATH_SEARCH_PATHS = "$(inherited) @executable_path/Frameworks @loader_path/Frameworks";
				PRODUCT_NAME = "$(TARGET_NAME)";
				TEST_HOST = "$(BUILT_PRODUCTS_DIR)/meal-table.app/meal-table";
			};
			name = Release;
		};
/* End XCBuildConfiguration section */

/* Begin XCConfigurationList section */
		C52AEBD51AE9D2DF00374FDC /* Build configuration list for PBXProject "meal-table" */ = {
			isa = XCConfigurationList;
			buildConfigurations = (
				C52AEBF71AE9D2DF00374FDC /* Debug */,
				C52AEBF81AE9D2DF00374FDC /* Release */,
			);
			defaultConfigurationIsVisible = 0;
			defaultConfigurationName = Release;
		};
		C52AEBF91AE9D2DF00374FDC /* Build configuration list for PBXNativeTarget "meal-table" */ = {
			isa = XCConfigurationList;
			buildConfigurations = (
				C52AEBFA1AE9D2DF00374FDC /* Debug */,
				C52AEBFB1AE9D2DF00374FDC /* Release */,
			);
			defaultConfigurationIsVisible = 0;
		};
		C52AEBFC1AE9D2DF00374FDC /* Build configuration list for PBXNativeTarget "meal-tableTests" */ = {
			isa = XCConfigurationList;
			buildConfigurations = (
				C52AEBFD1AE9D2DF00374FDC /* Debug */,
				C52AEBFE1AE9D2DF00374FDC /* Release */,
			);
			defaultConfigurationIsVisible = 0;
		};
/* End XCConfigurationList section */
	};
	rootObject = C52AEBD21AE9D2DF00374FDC /* Project object */;
}
