// !$*UTF8*$!
{
	archiveVersion = 1;
	classes = {
	};
	objectVersion = 46;
	objects = {

/* Begin PBXBuildFile section */
		C586BC451B1D25F500B3266C /* AppDelegate.swift in Sources */ = {isa = PBXBuildFile; fileRef = C586BC441B1D25F500B3266C /* AppDelegate.swift */; };
		C586BC471B1D25F500B3266C /* ViewController.swift in Sources */ = {isa = PBXBuildFile; fileRef = C586BC461B1D25F500B3266C /* ViewController.swift */; };
		C586BC4A1B1D25F500B3266C /* Main.storyboard in Resources */ = {isa = PBXBuildFile; fileRef = C586BC481B1D25F500B3266C /* Main.storyboard */; };
		C586BC4C1B1D25F500B3266C /* Images.xcassets in Resources */ = {isa = PBXBuildFile; fileRef = C586BC4B1B1D25F500B3266C /* Images.xcassets */; };
		C586BC4F1B1D25F500B3266C /* LaunchScreen.xib in Resources */ = {isa = PBXBuildFile; fileRef = C586BC4D1B1D25F500B3266C /* LaunchScreen.xib */; };
		C586BC5B1B1D25F500B3266C /* motosVendaTests.swift in Sources */ = {isa = PBXBuildFile; fileRef = C586BC5A1B1D25F500B3266C /* motosVendaTests.swift */; };
/* End PBXBuildFile section */

/* Begin PBXContainerItemProxy section */
		C586BC551B1D25F500B3266C /* PBXContainerItemProxy */ = {
			isa = PBXContainerItemProxy;
			containerPortal = C586BC371B1D25F500B3266C /* Project object */;
			proxyType = 1;
			remoteGlobalIDString = C586BC3E1B1D25F500B3266C;
			remoteInfo = motosVenda;
		};
/* End PBXContainerItemProxy section */

/* Begin PBXFileReference section */
		C586BC3F1B1D25F500B3266C /* motosVenda.app */ = {isa = PBXFileReference; explicitFileType = wrapper.application; includeInIndex = 0; path = motosVenda.app; sourceTree = BUILT_PRODUCTS_DIR; };
		C586BC431B1D25F500B3266C /* Info.plist */ = {isa = PBXFileReference; lastKnownFileType = text.plist.xml; path = Info.plist; sourceTree = "<group>"; };
		C586BC441B1D25F500B3266C /* AppDelegate.swift */ = {isa = PBXFileReference; lastKnownFileType = sourcecode.swift; path = AppDelegate.swift; sourceTree = "<group>"; };
		C586BC461B1D25F500B3266C /* ViewController.swift */ = {isa = PBXFileReference; lastKnownFileType = sourcecode.swift; path = ViewController.swift; sourceTree = "<group>"; };
		C586BC491B1D25F500B3266C /* Base */ = {isa = PBXFileReference; lastKnownFileType = file.storyboard; name = Base; path = Base.lproj/Main.storyboard; sourceTree = "<group>"; };
		C586BC4B1B1D25F500B3266C /* Images.xcassets */ = {isa = PBXFileReference; lastKnownFileType = folder.assetcatalog; path = Images.xcassets; sourceTree = "<group>"; };
		C586BC4E1B1D25F500B3266C /* Base */ = {isa = PBXFileReference; lastKnownFileType = file.xib; name = Base; path = Base.lproj/LaunchScreen.xib; sourceTree = "<group>"; };
		C586BC541B1D25F500B3266C /* motosVendaTests.xctest */ = {isa = PBXFileReference; explicitFileType = wrapper.cfbundle; includeInIndex = 0; path = motosVendaTests.xctest; sourceTree = BUILT_PRODUCTS_DIR; };
		C586BC591B1D25F500B3266C /* Info.plist */ = {isa = PBXFileReference; lastKnownFileType = text.plist.xml; path = Info.plist; sourceTree = "<group>"; };
		C586BC5A1B1D25F500B3266C /* motosVendaTests.swift */ = {isa = PBXFileReference; lastKnownFileType = sourcecode.swift; path = motosVendaTests.swift; sourceTree = "<group>"; };
/* End PBXFileReference section */

/* Begin PBXFrameworksBuildPhase section */
		C586BC3C1B1D25F500B3266C /* Frameworks */ = {
			isa = PBXFrameworksBuildPhase;
			buildActionMask = 2147483647;
			files = (
			);
			runOnlyForDeploymentPostprocessing = 0;
		};
		C586BC511B1D25F500B3266C /* Frameworks */ = {
			isa = PBXFrameworksBuildPhase;
			buildActionMask = 2147483647;
			files = (
			);
			runOnlyForDeploymentPostprocessing = 0;
		};
/* End PBXFrameworksBuildPhase section */

/* Begin PBXGroup section */
		C586BC361B1D25F500B3266C = {
			isa = PBXGroup;
			children = (
				C586BC411B1D25F500B3266C /* motosVenda */,
				C586BC571B1D25F500B3266C /* motosVendaTests */,
				C586BC401B1D25F500B3266C /* Products */,
			);
			sourceTree = "<group>";
		};
		C586BC401B1D25F500B3266C /* Products */ = {
			isa = PBXGroup;
			children = (
				C586BC3F1B1D25F500B3266C /* motosVenda.app */,
				C586BC541B1D25F500B3266C /* motosVendaTests.xctest */,
			);
			name = Products;
			sourceTree = "<group>";
		};
		C586BC411B1D25F500B3266C /* motosVenda */ = {
			isa = PBXGroup;
			children = (
				C586BC441B1D25F500B3266C /* AppDelegate.swift */,
				C586BC461B1D25F500B3266C /* ViewController.swift */,
				C586BC481B1D25F500B3266C /* Main.storyboard */,
				C586BC4B1B1D25F500B3266C /* Images.xcassets */,
				C586BC4D1B1D25F500B3266C /* LaunchScreen.xib */,
				C586BC421B1D25F500B3266C /* Supporting Files */,
			);
			path = motosVenda;
			sourceTree = "<group>";
		};
		C586BC421B1D25F500B3266C /* Supporting Files */ = {
			isa = PBXGroup;
			children = (
				C586BC431B1D25F500B3266C /* Info.plist */,
			);
			name = "Supporting Files";
			sourceTree = "<group>";
		};
		C586BC571B1D25F500B3266C /* motosVendaTests */ = {
			isa = PBXGroup;
			children = (
				C586BC5A1B1D25F500B3266C /* motosVendaTests.swift */,
				C586BC581B1D25F500B3266C /* Supporting Files */,
			);
			path = motosVendaTests;
			sourceTree = "<group>";
		};
		C586BC581B1D25F500B3266C /* Supporting Files */ = {
			isa = PBXGroup;
			children = (
				C586BC591B1D25F500B3266C /* Info.plist */,
			);
			name = "Supporting Files";
			sourceTree = "<group>";
		};
/* End PBXGroup section */

/* Begin PBXNativeTarget section */
		C586BC3E1B1D25F500B3266C /* motosVenda */ = {
			isa = PBXNativeTarget;
			buildConfigurationList = C586BC5E1B1D25F500B3266C /* Build configuration list for PBXNativeTarget "motosVenda" */;
			buildPhases = (
				C586BC3B1B1D25F500B3266C /* Sources */,
				C586BC3C1B1D25F500B3266C /* Frameworks */,
				C586BC3D1B1D25F500B3266C /* Resources */,
			);
			buildRules = (
			);
			dependencies = (
			);
			name = motosVenda;
			productName = motosVenda;
			productReference = C586BC3F1B1D25F500B3266C /* motosVenda.app */;
			productType = "com.apple.product-type.application";
		};
		C586BC531B1D25F500B3266C /* motosVendaTests */ = {
			isa = PBXNativeTarget;
			buildConfigurationList = C586BC611B1D25F500B3266C /* Build configuration list for PBXNativeTarget "motosVendaTests" */;
			buildPhases = (
				C586BC501B1D25F500B3266C /* Sources */,
				C586BC511B1D25F500B3266C /* Frameworks */,
				C586BC521B1D25F500B3266C /* Resources */,
			);
			buildRules = (
			);
			dependencies = (
				C586BC561B1D25F500B3266C /* PBXTargetDependency */,
			);
			name = motosVendaTests;
			productName = motosVendaTests;
			productReference = C586BC541B1D25F500B3266C /* motosVendaTests.xctest */;
			productType = "com.apple.product-type.bundle.unit-test";
		};
/* End PBXNativeTarget section */

/* Begin PBXProject section */
		C586BC371B1D25F500B3266C /* Project object */ = {
			isa = PBXProject;
			attributes = {
				LastUpgradeCheck = 0630;
				ORGANIZATIONNAME = grape;
				TargetAttributes = {
					C586BC3E1B1D25F500B3266C = {
						CreatedOnToolsVersion = 6.3.2;
					};
					C586BC531B1D25F500B3266C = {
						CreatedOnToolsVersion = 6.3.2;
						TestTargetID = C586BC3E1B1D25F500B3266C;
					};
				};
			};
			buildConfigurationList = C586BC3A1B1D25F500B3266C /* Build configuration list for PBXProject "motosVenda" */;
			compatibilityVersion = "Xcode 3.2";
			developmentRegion = English;
			hasScannedForEncodings = 0;
			knownRegions = (
				en,
				Base,
			);
			mainGroup = C586BC361B1D25F500B3266C;
			productRefGroup = C586BC401B1D25F500B3266C /* Products */;
			projectDirPath = "";
			projectRoot = "";
			targets = (
				C586BC3E1B1D25F500B3266C /* motosVenda */,
				C586BC531B1D25F500B3266C /* motosVendaTests */,
			);
		};
/* End PBXProject section */

/* Begin PBXResourcesBuildPhase section */
		C586BC3D1B1D25F500B3266C /* Resources */ = {
			isa = PBXResourcesBuildPhase;
			buildActionMask = 2147483647;
			files = (
				C586BC4A1B1D25F500B3266C /* Main.storyboard in Resources */,
				C586BC4F1B1D25F500B3266C /* LaunchScreen.xib in Resources */,
				C586BC4C1B1D25F500B3266C /* Images.xcassets in Resources */,
			);
			runOnlyForDeploymentPostprocessing = 0;
		};
		C586BC521B1D25F500B3266C /* Resources */ = {
			isa = PBXResourcesBuildPhase;
			buildActionMask = 2147483647;
			files = (
			);
			runOnlyForDeploymentPostprocessing = 0;
		};
/* End PBXResourcesBuildPhase section */

/* Begin PBXSourcesBuildPhase section */
		C586BC3B1B1D25F500B3266C /* Sources */ = {
			isa = PBXSourcesBuildPhase;
			buildActionMask = 2147483647;
			files = (
				C586BC471B1D25F500B3266C /* ViewController.swift in Sources */,
				C586BC451B1D25F500B3266C /* AppDelegate.swift in Sources */,
			);
			runOnlyForDeploymentPostprocessing = 0;
		};
		C586BC501B1D25F500B3266C /* Sources */ = {
			isa = PBXSourcesBuildPhase;
			buildActionMask = 2147483647;
			files = (
				C586BC5B1B1D25F500B3266C /* motosVendaTests.swift in Sources */,
			);
			runOnlyForDeploymentPostprocessing = 0;
		};
/* End PBXSourcesBuildPhase section */

/* Begin PBXTargetDependency section */
		C586BC561B1D25F500B3266C /* PBXTargetDependency */ = {
			isa = PBXTargetDependency;
			target = C586BC3E1B1D25F500B3266C /* motosVenda */;
			targetProxy = C586BC551B1D25F500B3266C /* PBXContainerItemProxy */;
		};
/* End PBXTargetDependency section */

/* Begin PBXVariantGroup section */
		C586BC481B1D25F500B3266C /* Main.storyboard */ = {
			isa = PBXVariantGroup;
			children = (
				C586BC491B1D25F500B3266C /* Base */,
			);
			name = Main.storyboard;
			sourceTree = "<group>";
		};
		C586BC4D1B1D25F500B3266C /* LaunchScreen.xib */ = {
			isa = PBXVariantGroup;
			children = (
				C586BC4E1B1D25F500B3266C /* Base */,
			);
			name = LaunchScreen.xib;
			sourceTree = "<group>";
		};
/* End PBXVariantGroup section */

/* Begin XCBuildConfiguration section */
		C586BC5C1B1D25F500B3266C /* Debug */ = {
			isa = XCBuildConfiguration;
			buildSettings = {
				ALWAYS_SEARCH_USER_PATHS = NO;
				CLANG_CXX_LANGUAGE_STANDARD = "gnu++0x";
				CLANG_CXX_LIBRARY = "libc++";
				CLANG_ENABLE_MODULES = YES;
				CLANG_ENABLE_OBJC_ARC = YES;
				CLANG_WARN_BOOL_CONVERSION = YES;
				CLANG_WARN_CONSTANT_CONVERSION = YES;
				CLANG_WARN_DIRECT_OBJC_ISA_USAGE = YES_ERROR;
				CLANG_WARN_EMPTY_BODY = YES;
				CLANG_WARN_ENUM_CONVERSION = YES;
				CLANG_WARN_INT_CONVERSION = YES;
				CLANG_WARN_OBJC_ROOT_CLASS = YES_ERROR;
				CLANG_WARN_UNREACHABLE_CODE = YES;
				CLANG_WARN__DUPLICATE_METHOD_MATCH = YES;
				"CODE_SIGN_IDENTITY[sdk=iphoneos*]" = "iPhone Developer";
				COPY_PHASE_STRIP = NO;
				DEBUG_INFORMATION_FORMAT = "dwarf-with-dsym";
				ENABLE_STRICT_OBJC_MSGSEND = YES;
				GCC_C_LANGUAGE_STANDARD = gnu99;
				GCC_DYNAMIC_NO_PIC = NO;
				GCC_NO_COMMON_BLOCKS = YES;
				GCC_OPTIMIZATION_LEVEL = 0;
				GCC_PREPROCESSOR_DEFINITIONS = (
					"DEBUG=1",
					"$(inherited)",
				);
				GCC_SYMBOLS_PRIVATE_EXTERN = NO;
				GCC_WARN_64_TO_32_BIT_CONVERSION = YES;
				GCC_WARN_ABOUT_RETURN_TYPE = YES_ERROR;
				GCC_WARN_UNDECLARED_SELECTOR = YES;
				GCC_WARN_UNINITIALIZED_AUTOS = YES_AGGRESSIVE;
				GCC_WARN_UNUSED_FUNCTION = YES;
				GCC_WARN_UNUSED_VARIABLE = YES;
				IPHONEOS_DEPLOYMENT_TARGET = 8.3;
				MTL_ENABLE_DEBUG_INFO = YES;
				ONLY_ACTIVE_ARCH = YES;
				SDKROOT = iphoneos;
				SWIFT_OPTIMIZATION_LEVEL = "-Onone";
			};
			name = Debug;
		};
		C586BC5D1B1D25F500B3266C /* Release */ = {
			isa = XCBuildConfiguration;
			buildSettings = {
				ALWAYS_SEARCH_USER_PATHS = NO;
				CLANG_CXX_LANGUAGE_STANDARD = "gnu++0x";
				CLANG_CXX_LIBRARY = "libc++";
				CLANG_ENABLE_MODULES = YES;
				CLANG_ENABLE_OBJC_ARC = YES;
				CLANG_WARN_BOOL_CONVERSION = YES;
				CLANG_WARN_CONSTANT_CONVERSION = YES;
				CLANG_WARN_DIRECT_OBJC_ISA_USAGE = YES_ERROR;
				CLANG_WARN_EMPTY_BODY = YES;
				CLANG_WARN_ENUM_CONVERSION = YES;
				CLANG_WARN_INT_CONVERSION = YES;
				CLANG_WARN_OBJC_ROOT_CLASS = YES_ERROR;
				CLANG_WARN_UNREACHABLE_CODE = YES;
				CLANG_WARN__DUPLICATE_METHOD_MATCH = YES;
				"CODE_SIGN_IDENTITY[sdk=iphoneos*]" = "iPhone Developer";
				COPY_PHASE_STRIP = NO;
				DEBUG_INFORMATION_FORMAT = "dwarf-with-dsym";
				ENABLE_NS_ASSERTIONS = NO;
				ENABLE_STRICT_OBJC_MSGSEND = YES;
				GCC_C_LANGUAGE_STANDARD = gnu99;
				GCC_NO_COMMON_BLOCKS = YES;
				GCC_WARN_64_TO_32_BIT_CONVERSION = YES;
				GCC_WARN_ABOUT_RETURN_TYPE = YES_ERROR;
				GCC_WARN_UNDECLARED_SELECTOR = YES;
				GCC_WARN_UNINITIALIZED_AUTOS = YES_AGGRESSIVE;
				GCC_WARN_UNUSED_FUNCTION = YES;
				GCC_WARN_UNUSED_VARIABLE = YES;
				IPHONEOS_DEPLOYMENT_TARGET = 8.3;
				MTL_ENABLE_DEBUG_INFO = NO;
				SDKROOT = iphoneos;
				VALIDATE_PRODUCT = YES;
			};
			name = Release;
		};
		C586BC5F1B1D25F500B3266C /* Debug */ = {
			isa = XCBuildConfiguration;
			buildSettings = {
				ASSETCATALOG_COMPILER_APPICON_NAME = AppIcon;
				INFOPLIST_FILE = motosVenda/Info.plist;
				LD_RUNPATH_SEARCH_PATHS = "$(inherited) @executable_path/Frameworks";
				PRODUCT_NAME = "$(TARGET_NAME)";
			};
			name = Debug;
		};
		C586BC601B1D25F500B3266C /* Release */ = {
			isa = XCBuildConfiguration;
			buildSettings = {
				ASSETCATALOG_COMPILER_APPICON_NAME = AppIcon;
				INFOPLIST_FILE = motosVenda/Info.plist;
				LD_RUNPATH_SEARCH_PATHS = "$(inherited) @executable_path/Frameworks";
				PRODUCT_NAME = "$(TARGET_NAME)";
			};
			name = Release;
		};
		C586BC621B1D25F500B3266C /* Debug */ = {
			isa = XCBuildConfiguration;
			buildSettings = {
				BUNDLE_LOADER = "$(TEST_HOST)";
				FRAMEWORK_SEARCH_PATHS = (
					"$(SDKROOT)/Developer/Library/Frameworks",
					"$(inherited)",
				);
				GCC_PREPROCESSOR_DEFINITIONS = (
					"DEBUG=1",
					"$(inherited)",
				);
				INFOPLIST_FILE = motosVendaTests/Info.plist;
				LD_RUNPATH_SEARCH_PATHS = "$(inherited) @executable_path/Frameworks @loader_path/Frameworks";
				PRODUCT_NAME = "$(TARGET_NAME)";
				TEST_HOST = "$(BUILT_PRODUCTS_DIR)/motosVenda.app/motosVenda";
			};
			name = Debug;
		};
		C586BC631B1D25F500B3266C /* Release */ = {
			isa = XCBuildConfiguration;
			buildSettings = {
				BUNDLE_LOADER = "$(TEST_HOST)";
				FRAMEWORK_SEARCH_PATHS = (
					"$(SDKROOT)/Developer/Library/Frameworks",
					"$(inherited)",
				);
				INFOPLIST_FILE = motosVendaTests/Info.plist;
				LD_RUNPATH_SEARCH_PATHS = "$(inherited) @executable_path/Frameworks @loader_path/Frameworks";
				PRODUCT_NAME = "$(TARGET_NAME)";
				TEST_HOST = "$(BUILT_PRODUCTS_DIR)/motosVenda.app/motosVenda";
			};
			name = Release;
		};
/* End XCBuildConfiguration section */

/* Begin XCConfigurationList section */
		C586BC3A1B1D25F500B3266C /* Build configuration list for PBXProject "motosVenda" */ = {
			isa = XCConfigurationList;
			buildConfigurations = (
				C586BC5C1B1D25F500B3266C /* Debug */,
				C586BC5D1B1D25F500B3266C /* Release */,
			);
			defaultConfigurationIsVisible = 0;
			defaultConfigurationName = Release;
		};
		C586BC5E1B1D25F500B3266C /* Build configuration list for PBXNativeTarget "motosVenda" */ = {
			isa = XCConfigurationList;
			buildConfigurations = (
				C586BC5F1B1D25F500B3266C /* Debug */,
				C586BC601B1D25F500B3266C /* Release */,
			);
			defaultConfigurationIsVisible = 0;
		};
		C586BC611B1D25F500B3266C /* Build configuration list for PBXNativeTarget "motosVendaTests" */ = {
			isa = XCConfigurationList;
			buildConfigurations = (
				C586BC621B1D25F500B3266C /* Debug */,
				C586BC631B1D25F500B3266C /* Release */,
			);
			defaultConfigurationIsVisible = 0;
		};
/* End XCConfigurationList section */
	};
	rootObject = C586BC371B1D25F500B3266C /* Project object */;
}
