// !$*UTF8*$!
{
	archiveVersion = 1;
	classes = {
	};
	objectVersion = 46;
	objects = {

/* Begin PBXBuildFile section */
		C5E82B871ACEE85100EDDF0E /* AppDelegate.swift in Sources */ = {isa = PBXBuildFile; fileRef = C5E82B861ACEE85100EDDF0E /* AppDelegate.swift */; };
		C5E82B891ACEE85100EDDF0E /* ViewController.swift in Sources */ = {isa = PBXBuildFile; fileRef = C5E82B881ACEE85100EDDF0E /* ViewController.swift */; };
		C5E82B8C1ACEE85100EDDF0E /* Main.storyboard in Resources */ = {isa = PBXBuildFile; fileRef = C5E82B8A1ACEE85100EDDF0E /* Main.storyboard */; };
		C5E82B8E1ACEE85100EDDF0E /* Images.xcassets in Resources */ = {isa = PBXBuildFile; fileRef = C5E82B8D1ACEE85100EDDF0E /* Images.xcassets */; };
		C5E82B911ACEE85100EDDF0E /* LaunchScreen.xib in Resources */ = {isa = PBXBuildFile; fileRef = C5E82B8F1ACEE85100EDDF0E /* LaunchScreen.xib */; };
		C5E82B9D1ACEE85100EDDF0E /* PostcardTests.swift in Sources */ = {isa = PBXBuildFile; fileRef = C5E82B9C1ACEE85100EDDF0E /* PostcardTests.swift */; };
		C5E82BA71ACEF2E200EDDF0E /* gol-2008-verde.jpg in Resources */ = {isa = PBXBuildFile; fileRef = C5E82BA61ACEF2E200EDDF0E /* gol-2008-verde.jpg */; };
		C5E82BA91ACEF6FE00EDDF0E /* novo-gol-1-6_frente.jpg.scaled1000.jpg in Resources */ = {isa = PBXBuildFile; fileRef = C5E82BA81ACEF6FE00EDDF0E /* novo-gol-1-6_frente.jpg.scaled1000.jpg */; };
		C5E82BAB1ACF1F6700EDDF0E /* Tela 1.png in Resources */ = {isa = PBXBuildFile; fileRef = C5E82BAA1ACF1F6700EDDF0E /* Tela 1.png */; };
/* End PBXBuildFile section */

/* Begin PBXContainerItemProxy section */
		C5E82B971ACEE85100EDDF0E /* PBXContainerItemProxy */ = {
			isa = PBXContainerItemProxy;
			containerPortal = C5E82B791ACEE85100EDDF0E /* Project object */;
			proxyType = 1;
			remoteGlobalIDString = C5E82B801ACEE85100EDDF0E;
			remoteInfo = Postcard;
		};
/* End PBXContainerItemProxy section */

/* Begin PBXFileReference section */
		C5E82B811ACEE85100EDDF0E /* Postcard.app */ = {isa = PBXFileReference; explicitFileType = wrapper.application; includeInIndex = 0; path = Postcard.app; sourceTree = BUILT_PRODUCTS_DIR; };
		C5E82B851ACEE85100EDDF0E /* Info.plist */ = {isa = PBXFileReference; lastKnownFileType = text.plist.xml; path = Info.plist; sourceTree = "<group>"; };
		C5E82B861ACEE85100EDDF0E /* AppDelegate.swift */ = {isa = PBXFileReference; lastKnownFileType = sourcecode.swift; path = AppDelegate.swift; sourceTree = "<group>"; };
		C5E82B881ACEE85100EDDF0E /* ViewController.swift */ = {isa = PBXFileReference; lastKnownFileType = sourcecode.swift; path = ViewController.swift; sourceTree = "<group>"; };
		C5E82B8B1ACEE85100EDDF0E /* Base */ = {isa = PBXFileReference; lastKnownFileType = file.storyboard; name = Base; path = Base.lproj/Main.storyboard; sourceTree = "<group>"; };
		C5E82B8D1ACEE85100EDDF0E /* Images.xcassets */ = {isa = PBXFileReference; lastKnownFileType = folder.assetcatalog; path = Images.xcassets; sourceTree = "<group>"; };
		C5E82B901ACEE85100EDDF0E /* Base */ = {isa = PBXFileReference; lastKnownFileType = file.xib; name = Base; path = Base.lproj/LaunchScreen.xib; sourceTree = "<group>"; };
		C5E82B961ACEE85100EDDF0E /* PostcardTests.xctest */ = {isa = PBXFileReference; explicitFileType = wrapper.cfbundle; includeInIndex = 0; path = PostcardTests.xctest; sourceTree = BUILT_PRODUCTS_DIR; };
		C5E82B9B1ACEE85100EDDF0E /* Info.plist */ = {isa = PBXFileReference; lastKnownFileType = text.plist.xml; path = Info.plist; sourceTree = "<group>"; };
		C5E82B9C1ACEE85100EDDF0E /* PostcardTests.swift */ = {isa = PBXFileReference; lastKnownFileType = sourcecode.swift; path = PostcardTests.swift; sourceTree = "<group>"; };
		C5E82BA61ACEF2E200EDDF0E /* gol-2008-verde.jpg */ = {isa = PBXFileReference; lastKnownFileType = image.jpeg; name = "gol-2008-verde.jpg"; path = "../../../../Downloads/gol-2008-verde.jpg"; sourceTree = "<group>"; };
		C5E82BA81ACEF6FE00EDDF0E /* novo-gol-1-6_frente.jpg.scaled1000.jpg */ = {isa = PBXFileReference; lastKnownFileType = image.jpeg; name = "novo-gol-1-6_frente.jpg.scaled1000.jpg"; path = "../../../../Downloads/novo-gol-1-6_frente.jpg.scaled1000.jpg"; sourceTree = "<group>"; };
		C5E82BAA1ACF1F6700EDDF0E /* Tela 1.png */ = {isa = PBXFileReference; lastKnownFileType = image.png; name = "Tela 1.png"; path = "../../../sketch/Tela 1.png"; sourceTree = "<group>"; };
/* End PBXFileReference section */

/* Begin PBXFrameworksBuildPhase section */
		C5E82B7E1ACEE85100EDDF0E /* Frameworks */ = {
			isa = PBXFrameworksBuildPhase;
			buildActionMask = 2147483647;
			files = (
			);
			runOnlyForDeploymentPostprocessing = 0;
		};
		C5E82B931ACEE85100EDDF0E /* Frameworks */ = {
			isa = PBXFrameworksBuildPhase;
			buildActionMask = 2147483647;
			files = (
			);
			runOnlyForDeploymentPostprocessing = 0;
		};
/* End PBXFrameworksBuildPhase section */

/* Begin PBXGroup section */
		C5E82B781ACEE85100EDDF0E = {
			isa = PBXGroup;
			children = (
				C5E82B831ACEE85100EDDF0E /* Postcard */,
				C5E82B991ACEE85100EDDF0E /* PostcardTests */,
				C5E82B821ACEE85100EDDF0E /* Products */,
			);
			sourceTree = "<group>";
		};
		C5E82B821ACEE85100EDDF0E /* Products */ = {
			isa = PBXGroup;
			children = (
				C5E82B811ACEE85100EDDF0E /* Postcard.app */,
				C5E82B961ACEE85100EDDF0E /* PostcardTests.xctest */,
			);
			name = Products;
			sourceTree = "<group>";
		};
		C5E82B831ACEE85100EDDF0E /* Postcard */ = {
			isa = PBXGroup;
			children = (
				C5E82B861ACEE85100EDDF0E /* AppDelegate.swift */,
				C5E82B881ACEE85100EDDF0E /* ViewController.swift */,
				C5E82B8A1ACEE85100EDDF0E /* Main.storyboard */,
				C5E82BAA1ACF1F6700EDDF0E /* Tela 1.png */,
				C5E82B8D1ACEE85100EDDF0E /* Images.xcassets */,
				C5E82B8F1ACEE85100EDDF0E /* LaunchScreen.xib */,
				C5E82B841ACEE85100EDDF0E /* Supporting Files */,
			);
			path = Postcard;
			sourceTree = "<group>";
		};
		C5E82B841ACEE85100EDDF0E /* Supporting Files */ = {
			isa = PBXGroup;
			children = (
				C5E82BA81ACEF6FE00EDDF0E /* novo-gol-1-6_frente.jpg.scaled1000.jpg */,
				C5E82BA61ACEF2E200EDDF0E /* gol-2008-verde.jpg */,
				C5E82B851ACEE85100EDDF0E /* Info.plist */,
			);
			name = "Supporting Files";
			sourceTree = "<group>";
		};
		C5E82B991ACEE85100EDDF0E /* PostcardTests */ = {
			isa = PBXGroup;
			children = (
				C5E82B9C1ACEE85100EDDF0E /* PostcardTests.swift */,
				C5E82B9A1ACEE85100EDDF0E /* Supporting Files */,
			);
			path = PostcardTests;
			sourceTree = "<group>";
		};
		C5E82B9A1ACEE85100EDDF0E /* Supporting Files */ = {
			isa = PBXGroup;
			children = (
				C5E82B9B1ACEE85100EDDF0E /* Info.plist */,
			);
			name = "Supporting Files";
			sourceTree = "<group>";
		};
/* End PBXGroup section */

/* Begin PBXNativeTarget section */
		C5E82B801ACEE85100EDDF0E /* Postcard */ = {
			isa = PBXNativeTarget;
			buildConfigurationList = C5E82BA01ACEE85100EDDF0E /* Build configuration list for PBXNativeTarget "Postcard" */;
			buildPhases = (
				C5E82B7D1ACEE85100EDDF0E /* Sources */,
				C5E82B7E1ACEE85100EDDF0E /* Frameworks */,
				C5E82B7F1ACEE85100EDDF0E /* Resources */,
			);
			buildRules = (
			);
			dependencies = (
			);
			name = Postcard;
			productName = Postcard;
			productReference = C5E82B811ACEE85100EDDF0E /* Postcard.app */;
			productType = "com.apple.product-type.application";
		};
		C5E82B951ACEE85100EDDF0E /* PostcardTests */ = {
			isa = PBXNativeTarget;
			buildConfigurationList = C5E82BA31ACEE85100EDDF0E /* Build configuration list for PBXNativeTarget "PostcardTests" */;
			buildPhases = (
				C5E82B921ACEE85100EDDF0E /* Sources */,
				C5E82B931ACEE85100EDDF0E /* Frameworks */,
				C5E82B941ACEE85100EDDF0E /* Resources */,
			);
			buildRules = (
			);
			dependencies = (
				C5E82B981ACEE85100EDDF0E /* PBXTargetDependency */,
			);
			name = PostcardTests;
			productName = PostcardTests;
			productReference = C5E82B961ACEE85100EDDF0E /* PostcardTests.xctest */;
			productType = "com.apple.product-type.bundle.unit-test";
		};
/* End PBXNativeTarget section */

/* Begin PBXProject section */
		C5E82B791ACEE85100EDDF0E /* Project object */ = {
			isa = PBXProject;
			attributes = {
				LastUpgradeCheck = 0620;
				ORGANIZATIONNAME = "Felipe Ken Ikawa";
				TargetAttributes = {
					C5E82B801ACEE85100EDDF0E = {
						CreatedOnToolsVersion = 6.2;
					};
					C5E82B951ACEE85100EDDF0E = {
						CreatedOnToolsVersion = 6.2;
						TestTargetID = C5E82B801ACEE85100EDDF0E;
					};
				};
			};
			buildConfigurationList = C5E82B7C1ACEE85100EDDF0E /* Build configuration list for PBXProject "Postcard" */;
			compatibilityVersion = "Xcode 3.2";
			developmentRegion = English;
			hasScannedForEncodings = 0;
			knownRegions = (
				en,
				Base,
			);
			mainGroup = C5E82B781ACEE85100EDDF0E;
			productRefGroup = C5E82B821ACEE85100EDDF0E /* Products */;
			projectDirPath = "";
			projectRoot = "";
			targets = (
				C5E82B801ACEE85100EDDF0E /* Postcard */,
				C5E82B951ACEE85100EDDF0E /* PostcardTests */,
			);
		};
/* End PBXProject section */

/* Begin PBXResourcesBuildPhase section */
		C5E82B7F1ACEE85100EDDF0E /* Resources */ = {
			isa = PBXResourcesBuildPhase;
			buildActionMask = 2147483647;
			files = (
				C5E82B8C1ACEE85100EDDF0E /* Main.storyboard in Resources */,
				C5E82BA71ACEF2E200EDDF0E /* gol-2008-verde.jpg in Resources */,
				C5E82B911ACEE85100EDDF0E /* LaunchScreen.xib in Resources */,
				C5E82BA91ACEF6FE00EDDF0E /* novo-gol-1-6_frente.jpg.scaled1000.jpg in Resources */,
				C5E82BAB1ACF1F6700EDDF0E /* Tela 1.png in Resources */,
				C5E82B8E1ACEE85100EDDF0E /* Images.xcassets in Resources */,
			);
			runOnlyForDeploymentPostprocessing = 0;
		};
		C5E82B941ACEE85100EDDF0E /* Resources */ = {
			isa = PBXResourcesBuildPhase;
			buildActionMask = 2147483647;
			files = (
			);
			runOnlyForDeploymentPostprocessing = 0;
		};
/* End PBXResourcesBuildPhase section */

/* Begin PBXSourcesBuildPhase section */
		C5E82B7D1ACEE85100EDDF0E /* Sources */ = {
			isa = PBXSourcesBuildPhase;
			buildActionMask = 2147483647;
			files = (
				C5E82B891ACEE85100EDDF0E /* ViewController.swift in Sources */,
				C5E82B871ACEE85100EDDF0E /* AppDelegate.swift in Sources */,
			);
			runOnlyForDeploymentPostprocessing = 0;
		};
		C5E82B921ACEE85100EDDF0E /* Sources */ = {
			isa = PBXSourcesBuildPhase;
			buildActionMask = 2147483647;
			files = (
				C5E82B9D1ACEE85100EDDF0E /* PostcardTests.swift in Sources */,
			);
			runOnlyForDeploymentPostprocessing = 0;
		};
/* End PBXSourcesBuildPhase section */

/* Begin PBXTargetDependency section */
		C5E82B981ACEE85100EDDF0E /* PBXTargetDependency */ = {
			isa = PBXTargetDependency;
			target = C5E82B801ACEE85100EDDF0E /* Postcard */;
			targetProxy = C5E82B971ACEE85100EDDF0E /* PBXContainerItemProxy */;
		};
/* End PBXTargetDependency section */

/* Begin PBXVariantGroup section */
		C5E82B8A1ACEE85100EDDF0E /* Main.storyboard */ = {
			isa = PBXVariantGroup;
			children = (
				C5E82B8B1ACEE85100EDDF0E /* Base */,
			);
			name = Main.storyboard;
			sourceTree = "<group>";
		};
		C5E82B8F1ACEE85100EDDF0E /* LaunchScreen.xib */ = {
			isa = PBXVariantGroup;
			children = (
				C5E82B901ACEE85100EDDF0E /* Base */,
			);
			name = LaunchScreen.xib;
			sourceTree = "<group>";
		};
/* End PBXVariantGroup section */

/* Begin XCBuildConfiguration section */
		C5E82B9E1ACEE85100EDDF0E /* Debug */ = {
			isa = XCBuildConfiguration;
			buildSettings = {
				ALWAYS_SEARCH_USER_PATHS = NO;
				CLANG_CXX_LANGUAGE_STANDARD = "gnu++0x";
				CLANG_CXX_LIBRARY = "libc++";
				CLANG_ENABLE_MODULES = YES;
				CLANG_ENABLE_OBJC_ARC = YES;
				CLANG_WARN_BOOL_CONVERSION = YES;
				CLANG_WARN_CONSTANT_CONVERSION = YES;
				CLANG_WARN_DIRECT_OBJC_ISA_USAGE = YES_ERROR;
				CLANG_WARN_EMPTY_BODY = YES;
				CLANG_WARN_ENUM_CONVERSION = YES;
				CLANG_WARN_INT_CONVERSION = YES;
				CLANG_WARN_OBJC_ROOT_CLASS = YES_ERROR;
				CLANG_WARN_UNREACHABLE_CODE = YES;
				CLANG_WARN__DUPLICATE_METHOD_MATCH = YES;
				"CODE_SIGN_IDENTITY[sdk=iphoneos*]" = "iPhone Developer";
				COPY_PHASE_STRIP = NO;
				ENABLE_STRICT_OBJC_MSGSEND = YES;
				GCC_C_LANGUAGE_STANDARD = gnu99;
				GCC_DYNAMIC_NO_PIC = NO;
				GCC_OPTIMIZATION_LEVEL = 0;
				GCC_PREPROCESSOR_DEFINITIONS = (
					"DEBUG=1",
					"$(inherited)",
				);
				GCC_SYMBOLS_PRIVATE_EXTERN = NO;
				GCC_WARN_64_TO_32_BIT_CONVERSION = YES;
				GCC_WARN_ABOUT_RETURN_TYPE = YES_ERROR;
				GCC_WARN_UNDECLARED_SELECTOR = YES;
				GCC_WARN_UNINITIALIZED_AUTOS = YES_AGGRESSIVE;
				GCC_WARN_UNUSED_FUNCTION = YES;
				GCC_WARN_UNUSED_VARIABLE = YES;
				IPHONEOS_DEPLOYMENT_TARGET = 8.2;
				MTL_ENABLE_DEBUG_INFO = YES;
				ONLY_ACTIVE_ARCH = YES;
				SDKROOT = iphoneos;
				SWIFT_OPTIMIZATION_LEVEL = "-Onone";
				TARGETED_DEVICE_FAMILY = "1,2";
			};
			name = Debug;
		};
		C5E82B9F1ACEE85100EDDF0E /* Release */ = {
			isa = XCBuildConfiguration;
			buildSettings = {
				ALWAYS_SEARCH_USER_PATHS = NO;
				CLANG_CXX_LANGUAGE_STANDARD = "gnu++0x";
				CLANG_CXX_LIBRARY = "libc++";
				CLANG_ENABLE_MODULES = YES;
				CLANG_ENABLE_OBJC_ARC = YES;
				CLANG_WARN_BOOL_CONVERSION = YES;
				CLANG_WARN_CONSTANT_CONVERSION = YES;
				CLANG_WARN_DIRECT_OBJC_ISA_USAGE = YES_ERROR;
				CLANG_WARN_EMPTY_BODY = YES;
				CLANG_WARN_ENUM_CONVERSION = YES;
				CLANG_WARN_INT_CONVERSION = YES;
				CLANG_WARN_OBJC_ROOT_CLASS = YES_ERROR;
				CLANG_WARN_UNREACHABLE_CODE = YES;
				CLANG_WARN__DUPLICATE_METHOD_MATCH = YES;
				"CODE_SIGN_IDENTITY[sdk=iphoneos*]" = "iPhone Developer";
				COPY_PHASE_STRIP = NO;
				ENABLE_NS_ASSERTIONS = NO;
				ENABLE_STRICT_OBJC_MSGSEND = YES;
				GCC_C_LANGUAGE_STANDARD = gnu99;
				GCC_WARN_64_TO_32_BIT_CONVERSION = YES;
				GCC_WARN_ABOUT_RETURN_TYPE = YES_ERROR;
				GCC_WARN_UNDECLARED_SELECTOR = YES;
				GCC_WARN_UNINITIALIZED_AUTOS = YES_AGGRESSIVE;
				GCC_WARN_UNUSED_FUNCTION = YES;
				GCC_WARN_UNUSED_VARIABLE = YES;
				IPHONEOS_DEPLOYMENT_TARGET = 8.2;
				MTL_ENABLE_DEBUG_INFO = NO;
				SDKROOT = iphoneos;
				TARGETED_DEVICE_FAMILY = "1,2";
				VALIDATE_PRODUCT = YES;
			};
			name = Release;
		};
		C5E82BA11ACEE85100EDDF0E /* Debug */ = {
			isa = XCBuildConfiguration;
			buildSettings = {
				ASSETCATALOG_COMPILER_APPICON_NAME = AppIcon;
				INFOPLIST_FILE = Postcard/Info.plist;
				LD_RUNPATH_SEARCH_PATHS = "$(inherited) @executable_path/Frameworks";
				PRODUCT_NAME = "$(TARGET_NAME)";
			};
			name = Debug;
		};
		C5E82BA21ACEE85100EDDF0E /* Release */ = {
			isa = XCBuildConfiguration;
			buildSettings = {
				ASSETCATALOG_COMPILER_APPICON_NAME = AppIcon;
				INFOPLIST_FILE = Postcard/Info.plist;
				LD_RUNPATH_SEARCH_PATHS = "$(inherited) @executable_path/Frameworks";
				PRODUCT_NAME = "$(TARGET_NAME)";
			};
			name = Release;
		};
		C5E82BA41ACEE85100EDDF0E /* Debug */ = {
			isa = XCBuildConfiguration;
			buildSettings = {
				BUNDLE_LOADER = "$(TEST_HOST)";
				FRAMEWORK_SEARCH_PATHS = (
					"$(SDKROOT)/Developer/Library/Frameworks",
					"$(inherited)",
				);
				GCC_PREPROCESSOR_DEFINITIONS = (
					"DEBUG=1",
					"$(inherited)",
				);
				INFOPLIST_FILE = PostcardTests/Info.plist;
				LD_RUNPATH_SEARCH_PATHS = "$(inherited) @executable_path/Frameworks @loader_path/Frameworks";
				PRODUCT_NAME = "$(TARGET_NAME)";
				TEST_HOST = "$(BUILT_PRODUCTS_DIR)/Postcard.app/Postcard";
			};
			name = Debug;
		};
		C5E82BA51ACEE85100EDDF0E /* Release */ = {
			isa = XCBuildConfiguration;
			buildSettings = {
				BUNDLE_LOADER = "$(TEST_HOST)";
				FRAMEWORK_SEARCH_PATHS = (
					"$(SDKROOT)/Developer/Library/Frameworks",
					"$(inherited)",
				);
				INFOPLIST_FILE = PostcardTests/Info.plist;
				LD_RUNPATH_SEARCH_PATHS = "$(inherited) @executable_path/Frameworks @loader_path/Frameworks";
				PRODUCT_NAME = "$(TARGET_NAME)";
				TEST_HOST = "$(BUILT_PRODUCTS_DIR)/Postcard.app/Postcard";
			};
			name = Release;
		};
/* End XCBuildConfiguration section */

/* Begin XCConfigurationList section */
		C5E82B7C1ACEE85100EDDF0E /* Build configuration list for PBXProject "Postcard" */ = {
			isa = XCConfigurationList;
			buildConfigurations = (
				C5E82B9E1ACEE85100EDDF0E /* Debug */,
				C5E82B9F1ACEE85100EDDF0E /* Release */,
			);
			defaultConfigurationIsVisible = 0;
			defaultConfigurationName = Release;
		};
		C5E82BA01ACEE85100EDDF0E /* Build configuration list for PBXNativeTarget "Postcard" */ = {
			isa = XCConfigurationList;
			buildConfigurations = (
				C5E82BA11ACEE85100EDDF0E /* Debug */,
				C5E82BA21ACEE85100EDDF0E /* Release */,
			);
			defaultConfigurationIsVisible = 0;
			defaultConfigurationName = Release;
		};
		C5E82BA31ACEE85100EDDF0E /* Build configuration list for PBXNativeTarget "PostcardTests" */ = {
			isa = XCConfigurationList;
			buildConfigurations = (
				C5E82BA41ACEE85100EDDF0E /* Debug */,
				C5E82BA51ACEE85100EDDF0E /* Release */,
			);
			defaultConfigurationIsVisible = 0;
			defaultConfigurationName = Release;
		};
/* End XCConfigurationList section */
	};
	rootObject = C5E82B791ACEE85100EDDF0E /* Project object */;
}
